
Microsoft Visual Studio Solution File, Format Version 12.00
Project("{FAE04EC0-301F-11D3-BF4B-00C04F79EFBC}") = "Aurora", "Aurora\Aurora.csproj", "{A569EE97-0F4E-4657-82A9-6DE36D8E0CFD}"
EndProject
Project("{FAE04EC0-301F-11D3-BF4B-00C04F79EFBC}") = "Model", "Model\Model.csproj", "{3C75DB7B-3418-4B65-B392-CCEBD64F496B}"
EndProject
Project("{FAE04EC0-301F-11D3-BF4B-00C04F79EFBC}") = "Domain", "Domain\Domain.csproj", "{A77D17D1-8733-4A65-B25D-0D01ABA9E8C8}"
EndProject
Project("{FAE04EC0-301F-11D3-BF4B-00C04F79EFBC}") = "Slots", "Slots\Slots.csproj", "{C3347975-D63C-4312-A0D7-7EB8B38AFCB1}"
EndProject
Global
	GlobalSection(SolutionConfigurationPlatforms) = preSolution
		Debug|Any CPU = Debug|Any CPU
		Release|Any CPU = Release|Any CPU
	EndGlobalSection
	GlobalSection(ProjectConfigurationPlatforms) = postSolution
		{A569EE97-0F4E-4657-82A9-6DE36D8E0CFD}.Debug|Any CPU.ActiveCfg = Debug|Any CPU
		{A569EE97-0F4E-4657-82A9-6DE36D8E0CFD}.Debug|Any CPU.Build.0 = Debug|Any CPU
		{A569EE97-0F4E-4657-82A9-6DE36D8E0CFD}.Release|Any CPU.ActiveCfg = Release|Any CPU
		{A569EE97-0F4E-4657-82A9-6DE36D8E0CFD}.Release|Any CPU.Build.0 = Release|Any CPU
		{3C75DB7B-3418-4B65-B392-CCEBD64F496B}.Debug|Any CPU.ActiveCfg = Debug|Any CPU
		{3C75DB7B-3418-4B65-B392-CCEBD64F496B}.Debug|Any CPU.Build.0 = Debug|Any CPU
		{3C75DB7B-3418-4B65-B392-CCEBD64F496B}.Release|Any CPU.ActiveCfg = Release|Any CPU
		{3C75DB7B-3418-4B65-B392-CCEBD64F496B}.Release|Any CPU.Build.0 = Release|Any CPU
		{A77D17D1-8733-4A65-B25D-0D01ABA9E8C8}.Debug|Any CPU.ActiveCfg = Debug|Any CPU
		{A77D17D1-8733-4A65-B25D-0D01ABA9E8C8}.Debug|Any CPU.Build.0 = Debug|Any CPU
		{A77D17D1-8733-4A65-B25D-0D01ABA9E8C8}.Release|Any CPU.ActiveCfg = Release|Any CPU
		{A77D17D1-8733-4A65-B25D-0D01ABA9E8C8}.Release|Any CPU.Build.0 = Release|Any CPU
		{C3347975-D63C-4312-A0D7-7EB8B38AFCB1}.Debug|Any CPU.ActiveCfg = Debug|Any CPU
		{C3347975-D63C-4312-A0D7-7EB8B38AFCB1}.Debug|Any CPU.Build.0 = Debug|Any CPU
		{C3347975-D63C-4312-A0D7-7EB8B38AFCB1}.Release|Any CPU.ActiveCfg = Release|Any CPU
		{C3347975-D63C-4312-A0D7-7EB8B38AFCB1}.Release|Any CPU.Build.0 = Release|Any CPU
	EndGlobalSection
EndGlobal
